
Microsoft Visual Studio Solution File, Format Version 12.00
# Visual Studio Version 17
VisualStudioVersion = 17.0.31903.59
MinimumVisualStudioVersion = 10.0.40219.1
Project("{2150E333-8FDC-42A3-9474-1A3956D46DE8}") = "src", "src", "{99D747F8-AE01-4F26-AB67-7399808F7F4D}"
EndProject
Project("{FAE04EC0-301F-11D3-BF4B-00C04F79EFBC}") = "ArenaDrafter", "src\ArenaDrafter\ArenaDrafter.csproj", "{50EC99CF-0A3B-492A-967B-4F5D3EE55B21}"
EndProject
Project("{2150E333-8FDC-42A3-9474-1A3956D46DE8}") = "tests", "tests", "{AEEC201C-42B7-40CC-A474-7C48752BAFA8}"
EndProject
Project("{FAE04EC0-301F-11D3-BF4B-00C04F79EFBC}") = "ArenaDrafter.Tests", "tests\ArenaDrafter.Tests\ArenaDrafter.Tests.csproj", "{4D4705F7-9A18-4AAD-AC62-35F4C3665F03}"
EndProject
Global
	GlobalSection(SolutionConfigurationPlatforms) = preSolution
		Debug|Any CPU = Debug|Any CPU
		Release|Any CPU = Release|Any CPU
	EndGlobalSection
	GlobalSection(SolutionProperties) = preSolution
		HideSolutionNode = FALSE
	EndGlobalSection
	GlobalSection(ProjectConfigurationPlatforms) = postSolution
		{50EC99CF-0A3B-492A-967B-4F5D3EE55B21}.Debug|Any CPU.ActiveCfg = Debug|Any CPU
		{50EC99CF-0A3B-492A-967B-4F5D3EE55B21}.Debug|Any CPU.Build.0 = Debug|Any CPU
		{50EC99CF-0A3B-492A-967B-4F5D3EE55B21}.Release|Any CPU.ActiveCfg = Release|Any CPU
		{50EC99CF-0A3B-492A-967B-4F5D3EE55B21}.Release|Any CPU.Build.0 = Release|Any CPU
		{4D4705F7-9A18-4AAD-AC62-35F4C3665F03}.Debug|Any CPU.ActiveCfg = Debug|Any CPU
		{4D4705F7-9A18-4AAD-AC62-35F4C3665F03}.Debug|Any CPU.Build.0 = Debug|Any CPU
		{4D4705F7-9A18-4AAD-AC62-35F4C3665F03}.Release|Any CPU.ActiveCfg = Release|Any CPU
		{4D4705F7-9A18-4AAD-AC62-35F4C3665F03}.Release|Any CPU.Build.0 = Release|Any CPU
	EndGlobalSection
	GlobalSection(NestedProjects) = preSolution
		{50EC99CF-0A3B-492A-967B-4F5D3EE55B21} = {99D747F8-AE01-4F26-AB67-7399808F7F4D}
		{4D4705F7-9A18-4AAD-AC62-35F4C3665F03} = {AEEC201C-42B7-40CC-A474-7C48752BAFA8}
	EndGlobalSection
EndGlobal
